
Microsoft Visual Studio Solution File, Format Version 12.00
# Visual Studio Version 17
VisualStudioVersion = 17.14.36310.24
MinimumVisualStudioVersion = 10.0.40219.1
Project("{8BC9CEB8-8B4A-11D0-8D11-00A0C91BC942}") = "1_OT", "1_OT\1_OT.vcxproj", "{0ED65D00-4755-47F7-B01D-E039A7CB448E}"
EndProject
Project("{8BC9CEB8-8B4A-11D0-8D11-00A0C91BC942}") = "3_디버깅", "3_디버깅\3_디버깅.vcxproj", "{68DA31DD-3D89-4533-9C6B-B8D5D2BF2204}"
EndProject
Project("{8BC9CEB8-8B4A-11D0-8D11-00A0C91BC942}") = "2_자료형과 변수", "2_자료형과 변수\2_자료형과 변수.vcxproj", "{0ABE5501-4524-4E46-A1B1-2600C837E3AE}"
EndProject
Project("{8BC9CEB8-8B4A-11D0-8D11-00A0C91BC942}") = "4_전처리기와 링킹과정", "4_전처리기와 링킹과정\4_전처리기와 링킹과정.vcxproj", "{FE2E3627-D8D2-4074-9C44-698824DA965D}"
EndProject
Project("{8BC9CEB8-8B4A-11D0-8D11-00A0C91BC942}") = "5_자료형의 사용방법", "5_자료형의 사용방법\5_자료형의 사용방법.vcxproj", "{1192AC1C-2C80-4F47-8183-7B5F1AF75C5F}"
EndProject
Project("{8BC9CEB8-8B4A-11D0-8D11-00A0C91BC942}") = "6_코드의 흐름 제어", "6_코드의 흐름 제어\6_코드의 흐름 제어.vcxproj", "{2A0824D4-AB87-4F2F-985D-61133AFE4B5C}"
EndProject
Project("{8BC9CEB8-8B4A-11D0-8D11-00A0C91BC942}") = "test1", "test.c\test.c.vcxproj", "{017EBEDA-5FE5-4999-B1E3-818DE3C78CFF}"
EndProject
Project("{8BC9CEB8-8B4A-11D0-8D11-00A0C91BC942}") = "7_반복문", "7_반복문\7_반복문.vcxproj", "{065C61C2-9E4C-40ED-952B-B36F22516998}"
EndProject
Project("{8BC9CEB8-8B4A-11D0-8D11-00A0C91BC942}") = "8_함수의 선언 및 사용", "8_함수의 선언 및 사용\8_함수의 선언 및 사용.vcxproj", "{C3F15801-6F15-47C2-AD71-9A890763DB66}"
EndProject
Project("{8BC9CEB8-8B4A-11D0-8D11-00A0C91BC942}") = "9_코드의 범위", "9_코드의 범위\9_코드의 범위.vcxproj", "{1690ED7F-8758-4E1D-B78A-9B50CDE8B4E1}"
EndProject
Project("{8BC9CEB8-8B4A-11D0-8D11-00A0C91BC942}") = "test2", "test2용\test2용.vcxproj", "{F7950093-B9E1-4EF0-925B-458DB4C86AE0}"
EndProject
Project("{8BC9CEB8-8B4A-11D0-8D11-00A0C91BC942}") = "a10_상수와 열거형 사용", "10_상수와 열거형 사용\10_상수와 열거형 사용.vcxproj", "{0EE6474A-0EBB-479E-8FE3-223816E39F0D}"
EndProject
Project("{8BC9CEB8-8B4A-11D0-8D11-00A0C91BC942}") = "a11_자료형과 배열", "a11_자료형과 배열\a11_자료형과 배열.vcxproj", "{EC679B9D-782A-452D-9F1F-D9A650E2D2D8}"
EndProject
Project("{8BC9CEB8-8B4A-11D0-8D11-00A0C91BC942}") = "a12_이차원 배열", "a12_이차원 배열\a12_이차원 배열.vcxproj", "{0C476F94-A056-4273-801E-F5641BBF64A3}"
EndProject
Project("{8BC9CEB8-8B4A-11D0-8D11-00A0C91BC942}") = "a13_포인터에 대한 이해", "a13_포인터에 대한 이해\a13_포인터에 대한 이해.vcxproj", "{4D2ACA28-2B0D-4197-A831-2CE41560C804}"
EndProject
Project("{8BC9CEB8-8B4A-11D0-8D11-00A0C91BC942}") = "a14_상수 지시 포인터와 상수 포인터", "a14_상수 지시 포인터와 상수 포인터\a14_상수 지시 포인터와 상수 포인터.vcxproj", "{249AA8A5-840E-4415-8F03-38F6708CB8F2}"
EndProject
Global
	GlobalSection(SolutionConfigurationPlatforms) = preSolution
		Debug|x64 = Debug|x64
		Debug|x86 = Debug|x86
		Release|x64 = Release|x64
		Release|x86 = Release|x86
	EndGlobalSection
	GlobalSection(ProjectConfigurationPlatforms) = postSolution
		{0ED65D00-4755-47F7-B01D-E039A7CB448E}.Debug|x64.ActiveCfg = Debug|x64
		{0ED65D00-4755-47F7-B01D-E039A7CB448E}.Debug|x64.Build.0 = Debug|x64
		{0ED65D00-4755-47F7-B01D-E039A7CB448E}.Debug|x86.ActiveCfg = Debug|Win32
		{0ED65D00-4755-47F7-B01D-E039A7CB448E}.Debug|x86.Build.0 = Debug|Win32
		{0ED65D00-4755-47F7-B01D-E039A7CB448E}.Release|x64.ActiveCfg = Release|x64
		{0ED65D00-4755-47F7-B01D-E039A7CB448E}.Release|x64.Build.0 = Release|x64
		{0ED65D00-4755-47F7-B01D-E039A7CB448E}.Release|x86.ActiveCfg = Release|Win32
		{0ED65D00-4755-47F7-B01D-E039A7CB448E}.Release|x86.Build.0 = Release|Win32
		{68DA31DD-3D89-4533-9C6B-B8D5D2BF2204}.Debug|x64.ActiveCfg = Debug|x64
		{68DA31DD-3D89-4533-9C6B-B8D5D2BF2204}.Debug|x64.Build.0 = Debug|x64
		{68DA31DD-3D89-4533-9C6B-B8D5D2BF2204}.Debug|x86.ActiveCfg = Debug|Win32
		{68DA31DD-3D89-4533-9C6B-B8D5D2BF2204}.Debug|x86.Build.0 = Debug|Win32
		{68DA31DD-3D89-4533-9C6B-B8D5D2BF2204}.Release|x64.ActiveCfg = Release|x64
		{68DA31DD-3D89-4533-9C6B-B8D5D2BF2204}.Release|x64.Build.0 = Release|x64
		{68DA31DD-3D89-4533-9C6B-B8D5D2BF2204}.Release|x86.ActiveCfg = Release|Win32
		{68DA31DD-3D89-4533-9C6B-B8D5D2BF2204}.Release|x86.Build.0 = Release|Win32
		{0ABE5501-4524-4E46-A1B1-2600C837E3AE}.Debug|x64.ActiveCfg = Debug|x64
		{0ABE5501-4524-4E46-A1B1-2600C837E3AE}.Debug|x64.Build.0 = Debug|x64
		{0ABE5501-4524-4E46-A1B1-2600C837E3AE}.Debug|x86.ActiveCfg = Debug|Win32
		{0ABE5501-4524-4E46-A1B1-2600C837E3AE}.Debug|x86.Build.0 = Debug|Win32
		{0ABE5501-4524-4E46-A1B1-2600C837E3AE}.Release|x64.ActiveCfg = Release|x64
		{0ABE5501-4524-4E46-A1B1-2600C837E3AE}.Release|x64.Build.0 = Release|x64
		{0ABE5501-4524-4E46-A1B1-2600C837E3AE}.Release|x86.ActiveCfg = Release|Win32
		{0ABE5501-4524-4E46-A1B1-2600C837E3AE}.Release|x86.Build.0 = Release|Win32
		{FE2E3627-D8D2-4074-9C44-698824DA965D}.Debug|x64.ActiveCfg = Debug|x64
		{FE2E3627-D8D2-4074-9C44-698824DA965D}.Debug|x64.Build.0 = Debug|x64
		{FE2E3627-D8D2-4074-9C44-698824DA965D}.Debug|x86.ActiveCfg = Debug|Win32
		{FE2E3627-D8D2-4074-9C44-698824DA965D}.Debug|x86.Build.0 = Debug|Win32
		{FE2E3627-D8D2-4074-9C44-698824DA965D}.Release|x64.ActiveCfg = Release|x64
		{FE2E3627-D8D2-4074-9C44-698824DA965D}.Release|x64.Build.0 = Release|x64
		{FE2E3627-D8D2-4074-9C44-698824DA965D}.Release|x86.ActiveCfg = Release|Win32
		{FE2E3627-D8D2-4074-9C44-698824DA965D}.Release|x86.Build.0 = Release|Win32
		{1192AC1C-2C80-4F47-8183-7B5F1AF75C5F}.Debug|x64.ActiveCfg = Debug|x64
		{1192AC1C-2C80-4F47-8183-7B5F1AF75C5F}.Debug|x64.Build.0 = Debug|x64
		{1192AC1C-2C80-4F47-8183-7B5F1AF75C5F}.Debug|x86.ActiveCfg = Debug|Win32
		{1192AC1C-2C80-4F47-8183-7B5F1AF75C5F}.Debug|x86.Build.0 = Debug|Win32
		{1192AC1C-2C80-4F47-8183-7B5F1AF75C5F}.Release|x64.ActiveCfg = Release|x64
		{1192AC1C-2C80-4F47-8183-7B5F1AF75C5F}.Release|x64.Build.0 = Release|x64
		{1192AC1C-2C80-4F47-8183-7B5F1AF75C5F}.Release|x86.ActiveCfg = Release|Win32
		{1192AC1C-2C80-4F47-8183-7B5F1AF75C5F}.Release|x86.Build.0 = Release|Win32
		{2A0824D4-AB87-4F2F-985D-61133AFE4B5C}.Debug|x64.ActiveCfg = Debug|x64
		{2A0824D4-AB87-4F2F-985D-61133AFE4B5C}.Debug|x64.Build.0 = Debug|x64
		{2A0824D4-AB87-4F2F-985D-61133AFE4B5C}.Debug|x86.ActiveCfg = Debug|Win32
		{2A0824D4-AB87-4F2F-985D-61133AFE4B5C}.Debug|x86.Build.0 = Debug|Win32
		{2A0824D4-AB87-4F2F-985D-61133AFE4B5C}.Release|x64.ActiveCfg = Release|x64
		{2A0824D4-AB87-4F2F-985D-61133AFE4B5C}.Release|x64.Build.0 = Release|x64
		{2A0824D4-AB87-4F2F-985D-61133AFE4B5C}.Release|x86.ActiveCfg = Release|Win32
		{2A0824D4-AB87-4F2F-985D-61133AFE4B5C}.Release|x86.Build.0 = Release|Win32
		{017EBEDA-5FE5-4999-B1E3-818DE3C78CFF}.Debug|x64.ActiveCfg = Debug|x64
		{017EBEDA-5FE5-4999-B1E3-818DE3C78CFF}.Debug|x64.Build.0 = Debug|x64
		{017EBEDA-5FE5-4999-B1E3-818DE3C78CFF}.Debug|x86.ActiveCfg = Debug|Win32
		{017EBEDA-5FE5-4999-B1E3-818DE3C78CFF}.Debug|x86.Build.0 = Debug|Win32
		{017EBEDA-5FE5-4999-B1E3-818DE3C78CFF}.Release|x64.ActiveCfg = Release|x64
		{017EBEDA-5FE5-4999-B1E3-818DE3C78CFF}.Release|x64.Build.0 = Release|x64
		{017EBEDA-5FE5-4999-B1E3-818DE3C78CFF}.Release|x86.ActiveCfg = Release|Win32
		{017EBEDA-5FE5-4999-B1E3-818DE3C78CFF}.Release|x86.Build.0 = Release|Win32
		{065C61C2-9E4C-40ED-952B-B36F22516998}.Debug|x64.ActiveCfg = Debug|x64
		{065C61C2-9E4C-40ED-952B-B36F22516998}.Debug|x64.Build.0 = Debug|x64
		{065C61C2-9E4C-40ED-952B-B36F22516998}.Debug|x86.ActiveCfg = Debug|Win32
		{065C61C2-9E4C-40ED-952B-B36F22516998}.Debug|x86.Build.0 = Debug|Win32
		{065C61C2-9E4C-40ED-952B-B36F22516998}.Release|x64.ActiveCfg = Release|x64
		{065C61C2-9E4C-40ED-952B-B36F22516998}.Release|x64.Build.0 = Release|x64
		{065C61C2-9E4C-40ED-952B-B36F22516998}.Release|x86.ActiveCfg = Release|Win32
		{065C61C2-9E4C-40ED-952B-B36F22516998}.Release|x86.Build.0 = Release|Win32
		{C3F15801-6F15-47C2-AD71-9A890763DB66}.Debug|x64.ActiveCfg = Debug|x64
		{C3F15801-6F15-47C2-AD71-9A890763DB66}.Debug|x64.Build.0 = Debug|x64
		{C3F15801-6F15-47C2-AD71-9A890763DB66}.Debug|x86.ActiveCfg = Debug|Win32
		{C3F15801-6F15-47C2-AD71-9A890763DB66}.Debug|x86.Build.0 = Debug|Win32
		{C3F15801-6F15-47C2-AD71-9A890763DB66}.Release|x64.ActiveCfg = Release|x64
		{C3F15801-6F15-47C2-AD71-9A890763DB66}.Release|x64.Build.0 = Release|x64
		{C3F15801-6F15-47C2-AD71-9A890763DB66}.Release|x86.ActiveCfg = Release|Win32
		{C3F15801-6F15-47C2-AD71-9A890763DB66}.Release|x86.Build.0 = Release|Win32
		{1690ED7F-8758-4E1D-B78A-9B50CDE8B4E1}.Debug|x64.ActiveCfg = Debug|x64
		{1690ED7F-8758-4E1D-B78A-9B50CDE8B4E1}.Debug|x64.Build.0 = Debug|x64
		{1690ED7F-8758-4E1D-B78A-9B50CDE8B4E1}.Debug|x86.ActiveCfg = Debug|Win32
		{1690ED7F-8758-4E1D-B78A-9B50CDE8B4E1}.Debug|x86.Build.0 = Debug|Win32
		{1690ED7F-8758-4E1D-B78A-9B50CDE8B4E1}.Release|x64.ActiveCfg = Release|x64
		{1690ED7F-8758-4E1D-B78A-9B50CDE8B4E1}.Release|x64.Build.0 = Release|x64
		{1690ED7F-8758-4E1D-B78A-9B50CDE8B4E1}.Release|x86.ActiveCfg = Release|Win32
		{1690ED7F-8758-4E1D-B78A-9B50CDE8B4E1}.Release|x86.Build.0 = Release|Win32
		{F7950093-B9E1-4EF0-925B-458DB4C86AE0}.Debug|x64.ActiveCfg = Debug|x64
		{F7950093-B9E1-4EF0-925B-458DB4C86AE0}.Debug|x64.Build.0 = Debug|x64
		{F7950093-B9E1-4EF0-925B-458DB4C86AE0}.Debug|x86.ActiveCfg = Debug|Win32
		{F7950093-B9E1-4EF0-925B-458DB4C86AE0}.Debug|x86.Build.0 = Debug|Win32
		{F7950093-B9E1-4EF0-925B-458DB4C86AE0}.Release|x64.ActiveCfg = Release|x64
		{F7950093-B9E1-4EF0-925B-458DB4C86AE0}.Release|x64.Build.0 = Release|x64
		{F7950093-B9E1-4EF0-925B-458DB4C86AE0}.Release|x86.ActiveCfg = Release|Win32
		{F7950093-B9E1-4EF0-925B-458DB4C86AE0}.Release|x86.Build.0 = Release|Win32
		{0EE6474A-0EBB-479E-8FE3-223816E39F0D}.Debug|x64.ActiveCfg = Debug|x64
		{0EE6474A-0EBB-479E-8FE3-223816E39F0D}.Debug|x64.Build.0 = Debug|x64
		{0EE6474A-0EBB-479E-8FE3-223816E39F0D}.Debug|x86.ActiveCfg = Debug|Win32
		{0EE6474A-0EBB-479E-8FE3-223816E39F0D}.Debug|x86.Build.0 = Debug|Win32
		{0EE6474A-0EBB-479E-8FE3-223816E39F0D}.Release|x64.ActiveCfg = Release|x64
		{0EE6474A-0EBB-479E-8FE3-223816E39F0D}.Release|x64.Build.0 = Release|x64
		{0EE6474A-0EBB-479E-8FE3-223816E39F0D}.Release|x86.ActiveCfg = Release|Win32
		{0EE6474A-0EBB-479E-8FE3-223816E39F0D}.Release|x86.Build.0 = Release|Win32
		{EC679B9D-782A-452D-9F1F-D9A650E2D2D8}.Debug|x64.ActiveCfg = Debug|x64
		{EC679B9D-782A-452D-9F1F-D9A650E2D2D8}.Debug|x64.Build.0 = Debug|x64
		{EC679B9D-782A-452D-9F1F-D9A650E2D2D8}.Debug|x86.ActiveCfg = Debug|Win32
		{EC679B9D-782A-452D-9F1F-D9A650E2D2D8}.Debug|x86.Build.0 = Debug|Win32
		{EC679B9D-782A-452D-9F1F-D9A650E2D2D8}.Release|x64.ActiveCfg = Release|x64
		{EC679B9D-782A-452D-9F1F-D9A650E2D2D8}.Release|x64.Build.0 = Release|x64
		{EC679B9D-782A-452D-9F1F-D9A650E2D2D8}.Release|x86.ActiveCfg = Release|Win32
		{EC679B9D-782A-452D-9F1F-D9A650E2D2D8}.Release|x86.Build.0 = Release|Win32
		{0C476F94-A056-4273-801E-F5641BBF64A3}.Debug|x64.ActiveCfg = Debug|x64
		{0C476F94-A056-4273-801E-F5641BBF64A3}.Debug|x64.Build.0 = Debug|x64
		{0C476F94-A056-4273-801E-F5641BBF64A3}.Debug|x86.ActiveCfg = Debug|Win32
		{0C476F94-A056-4273-801E-F5641BBF64A3}.Debug|x86.Build.0 = Debug|Win32
		{0C476F94-A056-4273-801E-F5641BBF64A3}.Release|x64.ActiveCfg = Release|x64
		{0C476F94-A056-4273-801E-F5641BBF64A3}.Release|x64.Build.0 = Release|x64
		{0C476F94-A056-4273-801E-F5641BBF64A3}.Release|x86.ActiveCfg = Release|Win32
		{0C476F94-A056-4273-801E-F5641BBF64A3}.Release|x86.Build.0 = Release|Win32
		{4D2ACA28-2B0D-4197-A831-2CE41560C804}.Debug|x64.ActiveCfg = Debug|x64
		{4D2ACA28-2B0D-4197-A831-2CE41560C804}.Debug|x64.Build.0 = Debug|x64
		{4D2ACA28-2B0D-4197-A831-2CE41560C804}.Debug|x86.ActiveCfg = Debug|Win32
		{4D2ACA28-2B0D-4197-A831-2CE41560C804}.Debug|x86.Build.0 = Debug|Win32
		{4D2ACA28-2B0D-4197-A831-2CE41560C804}.Release|x64.ActiveCfg = Release|x64
		{4D2ACA28-2B0D-4197-A831-2CE41560C804}.Release|x64.Build.0 = Release|x64
		{4D2ACA28-2B0D-4197-A831-2CE41560C804}.Release|x86.ActiveCfg = Release|Win32
		{4D2ACA28-2B0D-4197-A831-2CE41560C804}.Release|x86.Build.0 = Release|Win32
		{249AA8A5-840E-4415-8F03-38F6708CB8F2}.Debug|x64.ActiveCfg = Debug|x64
		{249AA8A5-840E-4415-8F03-38F6708CB8F2}.Debug|x64.Build.0 = Debug|x64
		{249AA8A5-840E-4415-8F03-38F6708CB8F2}.Debug|x86.ActiveCfg = Debug|Win32
		{249AA8A5-840E-4415-8F03-38F6708CB8F2}.Debug|x86.Build.0 = Debug|Win32
		{249AA8A5-840E-4415-8F03-38F6708CB8F2}.Release|x64.ActiveCfg = Release|x64
		{249AA8A5-840E-4415-8F03-38F6708CB8F2}.Release|x64.Build.0 = Release|x64
		{249AA8A5-840E-4415-8F03-38F6708CB8F2}.Release|x86.ActiveCfg = Release|Win32
		{249AA8A5-840E-4415-8F03-38F6708CB8F2}.Release|x86.Build.0 = Release|Win32
	EndGlobalSection
	GlobalSection(SolutionProperties) = preSolution
		HideSolutionNode = FALSE
	EndGlobalSection
	GlobalSection(ExtensibilityGlobals) = postSolution
		SolutionGuid = {D75B1727-811E-4028-8042-EC8DB50798C9}
	EndGlobalSection
EndGlobal
